
Microsoft Visual Studio Solution File, Format Version 12.00
# Visual Studio Version 16
VisualStudioVersion = 16.0.31624.102
MinimumVisualStudioVersion = 10.0.40219.1
Project("{FAE04EC0-301F-11D3-BF4B-00C04F79EFBC}") = "ScientificCalculator", "ScientificCalculator.csproj", "{B4A52C32-CADC-4F6D-B4E8-A57E1765C4DE}"
EndProject
Global
	GlobalSection(SolutionConfigurationPlatforms) = preSolution
		Debug|Any CPU = Debug|Any CPU
		Release|Any CPU = Release|Any CPU
	EndGlobalSection
	GlobalSection(ProjectConfigurationPlatforms) = postSolution
		{B4A52C32-CADC-4F6D-B4E8-A57E1765C4DE}.Debug|Any CPU.ActiveCfg = Debug|Any CPU
		{B4A52C32-CADC-4F6D-B4E8-A57E1765C4DE}.Debug|Any CPU.Build.0 = Debug|Any CPU
		{B4A52C32-CADC-4F6D-B4E8-A57E1765C4DE}.Release|Any CPU.ActiveCfg = Release|Any CPU
		{B4A52C32-CADC-4F6D-B4E8-A57E1765C4DE}.Release|Any CPU.Build.0 = Release|Any CPU
	EndGlobalSection
	GlobalSection(SolutionProperties) = preSolution
		HideSolutionNode = FALSE
	EndGlobalSection
	GlobalSection(ExtensibilityGlobals) = postSolution
		SolutionGuid = {93AAD2CE-A1BC-4DC8-893D-E4D7E13AF049}
	EndGlobalSection
EndGlobal
